
Microsoft Visual Studio Solution File, Format Version 12.00
# Visual Studio Version 17
VisualStudioVersion = 17.11.35222.181
MinimumVisualStudioVersion = 10.0.40219.1
Project("{FAE04EC0-301F-11D3-BF4B-00C04F79EFBC}") = "EmployabilityManagement.Backend", "EmployabilityManagement.Backend\EmployabilityManagement.Backend.csproj", "{B532E0F2-188A-44A7-B409-E037093667F1}"
EndProject
Project("{FAE04EC0-301F-11D3-BF4B-00C04F79EFBC}") = "EmployabilityManagement.Frontend", "EmployabilityManagement.Frontend\EmployabilityManagement.Frontend.csproj", "{3653F5D5-FF9C-44B4-8DA4-D33692D88A76}"
EndProject
Project("{FAE04EC0-301F-11D3-BF4B-00C04F79EFBC}") = "EmployabilityManagement.Shared", "EmployabilityManagement.Shared\EmployabilityManagement.Shared.csproj", "{CF929F61-3042-4AA3-8EEE-BCDB0C572802}"
EndProject
Project("{FAE04EC0-301F-11D3-BF4B-00C04F79EFBC}") = "EmployabilityManagement.Tests", "EmployabilityManagement.Tests\EmployabilityManagement.Tests.csproj", "{C4B6C7A2-B6B1-4A81-8149-885EA375A17F}"
EndProject
Global
	GlobalSection(SolutionConfigurationPlatforms) = preSolution
		Debug|Any CPU = Debug|Any CPU
		Release|Any CPU = Release|Any CPU
	EndGlobalSection
	GlobalSection(ProjectConfigurationPlatforms) = postSolution
		{B532E0F2-188A-44A7-B409-E037093667F1}.Debug|Any CPU.ActiveCfg = Debug|Any CPU
		{B532E0F2-188A-44A7-B409-E037093667F1}.Debug|Any CPU.Build.0 = Debug|Any CPU
		{B532E0F2-188A-44A7-B409-E037093667F1}.Release|Any CPU.ActiveCfg = Release|Any CPU
		{B532E0F2-188A-44A7-B409-E037093667F1}.Release|Any CPU.Build.0 = Release|Any CPU
		{3653F5D5-FF9C-44B4-8DA4-D33692D88A76}.Debug|Any CPU.ActiveCfg = Debug|Any CPU
		{3653F5D5-FF9C-44B4-8DA4-D33692D88A76}.Debug|Any CPU.Build.0 = Debug|Any CPU
		{3653F5D5-FF9C-44B4-8DA4-D33692D88A76}.Release|Any CPU.ActiveCfg = Release|Any CPU
		{3653F5D5-FF9C-44B4-8DA4-D33692D88A76}.Release|Any CPU.Build.0 = Release|Any CPU
		{CF929F61-3042-4AA3-8EEE-BCDB0C572802}.Debug|Any CPU.ActiveCfg = Debug|Any CPU
		{CF929F61-3042-4AA3-8EEE-BCDB0C572802}.Debug|Any CPU.Build.0 = Debug|Any CPU
		{CF929F61-3042-4AA3-8EEE-BCDB0C572802}.Release|Any CPU.ActiveCfg = Release|Any CPU
		{CF929F61-3042-4AA3-8EEE-BCDB0C572802}.Release|Any CPU.Build.0 = Release|Any CPU
		{C4B6C7A2-B6B1-4A81-8149-885EA375A17F}.Debug|Any CPU.ActiveCfg = Debug|Any CPU
		{C4B6C7A2-B6B1-4A81-8149-885EA375A17F}.Debug|Any CPU.Build.0 = Debug|Any CPU
		{C4B6C7A2-B6B1-4A81-8149-885EA375A17F}.Release|Any CPU.ActiveCfg = Release|Any CPU
		{C4B6C7A2-B6B1-4A81-8149-885EA375A17F}.Release|Any CPU.Build.0 = Release|Any CPU
	EndGlobalSection
	GlobalSection(SolutionProperties) = preSolution
		HideSolutionNode = FALSE
	EndGlobalSection
	GlobalSection(ExtensibilityGlobals) = postSolution
		SolutionGuid = {4636874C-E595-4766-90B9-14DD196B866A}
	EndGlobalSection
EndGlobal
